{
  "name": "discord-nitro",
  "lockfileVersion": 2,
  "requires": true,
  "packages": {
    "": {
      "dependencies": {
        "remixicon": "^3.1.1"
      }
    },
    "node_modules/remixicon": {
      "version": "3.1.1",
      "resolved": "https://registry.npmjs.org/remixicon/-/remixicon-3.1.1.tgz",
      "integrity": "sha512-LOlsnVeZwLWB7iePs8pICJcEQ7iSVAOYsahqYTCIQsfZMnxB6Meu867EZxGLO2c3ZG9Xpp7fGU+2icLwyWHbcw=="
    }
  },
  "dependencies": {
    "remixicon": {
      "version": "3.1.1",
      "resolved": "https://registry.npmjs.org/remixicon/-/remixicon-3.1.1.tgz",
      "integrity": "sha512-LOlsnVeZwLWB7iePs8pICJcEQ7iSVAOYsahqYTCIQsfZMnxB6Meu867EZxGLO2c3ZG9Xpp7fGU+2icLwyWHbcw=="
    }
  }
}
